
Microsoft Visual Studio Solution File, Format Version 12.00
# Visual Studio Version 16
VisualStudioVersion = 16.0.29509.3
MinimumVisualStudioVersion = 10.0.40219.1
Project("{FAE04EC0-301F-11D3-BF4B-00C04F79EFBC}") = "newsoftit", "newsoftit\newsoftit.csproj", "{1B6E31C8-6D56-40FA-8BE3-C77929EFEE6C}"
EndProject
Global
	GlobalSection(SolutionConfigurationPlatforms) = preSolution
		Debug|Any CPU = Debug|Any CPU
		Release|Any CPU = Release|Any CPU
	EndGlobalSection
	GlobalSection(ProjectConfigurationPlatforms) = postSolution
		{1B6E31C8-6D56-40FA-8BE3-C77929EFEE6C}.Debug|Any CPU.ActiveCfg = Debug|Any CPU
		{1B6E31C8-6D56-40FA-8BE3-C77929EFEE6C}.Debug|Any CPU.Build.0 = Debug|Any CPU
		{1B6E31C8-6D56-40FA-8BE3-C77929EFEE6C}.Release|Any CPU.ActiveCfg = Release|Any CPU
		{1B6E31C8-6D56-40FA-8BE3-C77929EFEE6C}.Release|Any CPU.Build.0 = Release|Any CPU
	EndGlobalSection
	GlobalSection(SolutionProperties) = preSolution
		HideSolutionNode = FALSE
	EndGlobalSection
	GlobalSection(ExtensibilityGlobals) = postSolution
		SolutionGuid = {77A8FF8A-F271-4105-A3EA-CDBE11E90E01}
	EndGlobalSection
EndGlobal
